
Microsoft Visual Studio Solution File, Format Version 12.00
# Visual Studio 15
VisualStudioVersion = 15.0.26430.13
MinimumVisualStudioVersion = 10.0.40219.1
Project("{FAE04EC0-301F-11D3-BF4B-00C04F79EFBC}") = "HackAtHome.CustomAdapters", "HackAtHome.CustomAdapters\HackAtHome.CustomAdapters.csproj", "{BBCF3912-875E-4481-BFD4-8E555F1E7F82}"
EndProject
Project("{FAE04EC0-301F-11D3-BF4B-00C04F79EFBC}") = "HackAtHome.Entities", "HackAtHome.Entities\HackAtHome.Entities.csproj", "{66A73DED-3BB6-4B3F-AE21-6BE06368F054}"
EndProject
Project("{FAE04EC0-301F-11D3-BF4B-00C04F79EFBC}") = "HackAtHome.SAL", "HackAtHome.SAL\HackAtHome.SAL.csproj", "{8A5E5CB8-3D76-421A-A935-19ABB267231F}"
EndProject
Project("{FAE04EC0-301F-11D3-BF4B-00C04F79EFBC}") = "HackAtHomeClient", "HackAtHomeClient\HackAtHomeClient.csproj", "{8C17FA13-628C-4CAF-A246-C5A333007901}"
EndProject
Global
	GlobalSection(SolutionConfigurationPlatforms) = preSolution
		Debug|Any CPU = Debug|Any CPU
		Release|Any CPU = Release|Any CPU
	EndGlobalSection
	GlobalSection(ProjectConfigurationPlatforms) = postSolution
		{BBCF3912-875E-4481-BFD4-8E555F1E7F82}.Debug|Any CPU.ActiveCfg = Debug|Any CPU
		{BBCF3912-875E-4481-BFD4-8E555F1E7F82}.Debug|Any CPU.Build.0 = Debug|Any CPU
		{BBCF3912-875E-4481-BFD4-8E555F1E7F82}.Release|Any CPU.ActiveCfg = Release|Any CPU
		{BBCF3912-875E-4481-BFD4-8E555F1E7F82}.Release|Any CPU.Build.0 = Release|Any CPU
		{66A73DED-3BB6-4B3F-AE21-6BE06368F054}.Debug|Any CPU.ActiveCfg = Debug|Any CPU
		{66A73DED-3BB6-4B3F-AE21-6BE06368F054}.Debug|Any CPU.Build.0 = Debug|Any CPU
		{66A73DED-3BB6-4B3F-AE21-6BE06368F054}.Release|Any CPU.ActiveCfg = Release|Any CPU
		{66A73DED-3BB6-4B3F-AE21-6BE06368F054}.Release|Any CPU.Build.0 = Release|Any CPU
		{8A5E5CB8-3D76-421A-A935-19ABB267231F}.Debug|Any CPU.ActiveCfg = Debug|Any CPU
		{8A5E5CB8-3D76-421A-A935-19ABB267231F}.Debug|Any CPU.Build.0 = Debug|Any CPU
		{8A5E5CB8-3D76-421A-A935-19ABB267231F}.Release|Any CPU.ActiveCfg = Release|Any CPU
		{8A5E5CB8-3D76-421A-A935-19ABB267231F}.Release|Any CPU.Build.0 = Release|Any CPU
		{8C17FA13-628C-4CAF-A246-C5A333007901}.Debug|Any CPU.ActiveCfg = Debug|Any CPU
		{8C17FA13-628C-4CAF-A246-C5A333007901}.Debug|Any CPU.Build.0 = Debug|Any CPU
		{8C17FA13-628C-4CAF-A246-C5A333007901}.Debug|Any CPU.Deploy.0 = Debug|Any CPU
		{8C17FA13-628C-4CAF-A246-C5A333007901}.Release|Any CPU.ActiveCfg = Release|Any CPU
		{8C17FA13-628C-4CAF-A246-C5A333007901}.Release|Any CPU.Build.0 = Release|Any CPU
		{8C17FA13-628C-4CAF-A246-C5A333007901}.Release|Any CPU.Deploy.0 = Release|Any CPU
	EndGlobalSection
	GlobalSection(SolutionProperties) = preSolution
		HideSolutionNode = FALSE
	EndGlobalSection
EndGlobal
