
Microsoft Visual Studio Solution File, Format Version 12.00
# Visual Studio 15
VisualStudioVersion = 15.0.26430.13
MinimumVisualStudioVersion = 10.0.40219.1
Project("{FAE04EC0-301F-11D3-BF4B-00C04F79EFBC}") = "HackAtHome.CustomAdapters", "HackAtHome.CustomAdapters\HackAtHome.CustomAdapters.csproj", "{BBCF3912-875E-4481-BFD4-8E555F1E7F82}"
EndProject
Project("{FAE04EC0-301F-11D3-BF4B-00C04F79EFBC}") = "HackAtHome.Entities", "HackAtHome.Entities\HackAtHome.Entities.csproj", "{66A73DED-3BB6-4B3F-AE21-6BE06368F054}"
EndProject
Global
	GlobalSection(SolutionConfigurationPlatforms) = preSolution
		Debug|Any CPU = Debug|Any CPU
		Release|Any CPU = Release|Any CPU
	EndGlobalSection
	GlobalSection(ProjectConfigurationPlatforms) = postSolution
		{BBCF3912-875E-4481-BFD4-8E555F1E7F82}.Debug|Any CPU.ActiveCfg = Debug|Any CPU
		{BBCF3912-875E-4481-BFD4-8E555F1E7F82}.Debug|Any CPU.Build.0 = Debug|Any CPU
		{BBCF3912-875E-4481-BFD4-8E555F1E7F82}.Release|Any CPU.ActiveCfg = Release|Any CPU
		{BBCF3912-875E-4481-BFD4-8E555F1E7F82}.Release|Any CPU.Build.0 = Release|Any CPU
		{66A73DED-3BB6-4B3F-AE21-6BE06368F054}.Debug|Any CPU.ActiveCfg = Debug|Any CPU
		{66A73DED-3BB6-4B3F-AE21-6BE06368F054}.Debug|Any CPU.Build.0 = Debug|Any CPU
		{66A73DED-3BB6-4B3F-AE21-6BE06368F054}.Release|Any CPU.ActiveCfg = Release|Any CPU
		{66A73DED-3BB6-4B3F-AE21-6BE06368F054}.Release|Any CPU.Build.0 = Release|Any CPU
	EndGlobalSection
	GlobalSection(SolutionProperties) = preSolution
		HideSolutionNode = FALSE
	EndGlobalSection
EndGlobal
